dependencies:
- name: kube-prometheus-stack
  repository: https://prometheus-community.github.io/helm-charts
  version: 80.11.0
- name: loki
  repository: https://grafana.github.io/helm-charts
  version: 6.23.0
- name: alloy
  repository: https://grafana.github.io/helm-charts
  version: 1.5.1
- name: tempo
  repository: https://grafana.github.io/helm-charts
  version: 1.24.1
digest: sha256:630444b851bec43778dfbea797ea9881521a1f30bd58d4d5a2977b7a8c70c9d2
generated: "2026-01-06T23:22:55.547290404+02:00"
