dependencies:
- name: kube-prometheus-stack
  repository: https://prometheus-community.github.io/helm-charts
  version: 68.2.2
- name: loki
  repository: https://grafana.github.io/helm-charts
  version: 6.23.0
- name: alloy
  repository: https://grafana.github.io/helm-charts
  version: 1.5.1
digest: sha256:66d4558ca5134f2e6f700b4236414c743fe455499f27b6bea7e9d276d0e07496
generated: "2026-01-05T12:20:49.08296575+02:00"
