dependencies:
- name: kube-prometheus-stack
  repository: https://prometheus-community.github.io/helm-charts
  version: 68.2.2
- name: loki
  repository: https://grafana.github.io/helm-charts
  version: 6.23.0
digest: sha256:25570464427d0da4c316b0394af059cac10541896bd4573160d5d0a30fa92bf9
generated: "2026-01-04T14:41:15.855704077+02:00"
