dependencies:
- name: kube-prometheus-stack
  repository: https://prometheus-community.github.io/helm-charts
  version: 80.11.0
- name: loki
  repository: https://grafana.github.io/helm-charts
  version: 6.23.0
- name: alloy
  repository: https://grafana.github.io/helm-charts
  version: 1.5.1
- name: alloy
  repository: https://grafana.github.io/helm-charts
  version: 1.5.1
- name: tempo
  repository: https://grafana.github.io/helm-charts
  version: 1.24.1
digest: sha256:b31f2a1d106bdee4786305edb7eff106b84a344a78272678e93076389da4ba76
generated: "2026-01-10T22:47:30.956475433+02:00"
